// !$*UTF8*$!
{
	archiveVersion = 1;
	classes = {
	};
	objectVersion = 56;
	objects = {

/* Begin PBXBuildFile section */
		AB30ECF42E95D5D400EEB7ED /* Alamofire in Frameworks */ = {isa = PBXBuildFile; productRef = AB30ECF32E95D5D400EEB7ED /* Alamofire */; };
		AB30ECF72E95D5EE00EEB7ED /* KeychainSwift in Frameworks */ = {isa = PBXBuildFile; productRef = AB30ECF62E95D5EE00EEB7ED /* KeychainSwift */; };
		AB30ECFA2E95D64F00EEB7ED /* FirebaseAnalytics in Frameworks */ = {isa = PBXBuildFile; productRef = AB30ECF92E95D64F00EEB7ED /* FirebaseAnalytics */; };
		AB30ECFC2E95D64F00EEB7ED /* FirebaseCore in Frameworks */ = {isa = PBXBuildFile; productRef = AB30ECFB2E95D64F00EEB7ED /* FirebaseCore */; };
		AB30ECFE2E95D64F00EEB7ED /* FirebaseCrashlytics in Frameworks */ = {isa = PBXBuildFile; productRef = AB30ECFD2E95D64F00EEB7ED /* FirebaseCrashlytics */; };
		AB30ED002E95D64F00EEB7ED /* FirebaseInAppMessaging-Beta in Frameworks */ = {isa = PBXBuildFile; productRef = AB30ECFF2E95D64F00EEB7ED /* FirebaseInAppMessaging-Beta */; };
		AB30ED022E95D64F00EEB7ED /* FirebaseMessaging in Frameworks */ = {isa = PBXBuildFile; productRef = AB30ED012E95D64F00EEB7ED /* FirebaseMessaging */; };
		AB30ED052E95D67800EEB7ED /* Kingfisher in Frameworks */ = {isa = PBXBuildFile; productRef = AB30ED042E95D67800EEB7ED /* Kingfisher */; };
		AB30ED082E95D6A300EEB7ED /* Lottie in Frameworks */ = {isa = PBXBuildFile; productRef = AB30ED072E95D6A300EEB7ED /* Lottie */; };
		AB4C8FAD2E96333D00F2701C /* ProfileService.swift in Sources */ = {isa = PBXBuildFile; fileRef = AB4C8FAC2E96333D00F2701C /* ProfileService.swift */; };
		AB4C8FAF2E96338200F2701C /* ProfileResponse.swift in Sources */ = {isa = PBXBuildFile; fileRef = AB4C8FAE2E96337D00F2701C /* ProfileResponse.swift */; };
		ABF8E4792E93F3CE00B4A771 /* Assets.xcassets in Resources */ = {isa = PBXBuildFile; fileRef = ABF8E43E2E93F3CE00B4A771 /* Assets.xcassets */; };
		ABF8E47A2E93F3CE00B4A771 /* GoogleService-Info.plist in Resources */ = {isa = PBXBuildFile; fileRef = ABF8E4412E93F3CE00B4A771 /* GoogleService-Info.plist */; };
		ABF8E47C2E93F3CE00B4A771 /* AppDelegate.swift in Sources */ = {isa = PBXBuildFile; fileRef = ABF8E4142E93F3CE00B4A771 /* AppDelegate.swift */; };
		ABF8E47D2E93F3CE00B4A771 /* BiometricButton.swift in Sources */ = {isa = PBXBuildFile; fileRef = ABF8E4162E93F3CE00B4A771 /* BiometricButton.swift */; };
		ABF8E47E2E93F3CE00B4A771 /* FloatingActionButton.swift in Sources */ = {isa = PBXBuildFile; fileRef = ABF8E4172E93F3CE00B4A771 /* FloatingActionButton.swift */; };
		ABF8E47F2E93F3CE00B4A771 /* PrimaryButton.swift in Sources */ = {isa = PBXBuildFile; fileRef = ABF8E4182E93F3CE00B4A771 /* PrimaryButton.swift */; };
		ABF8E4802E93F3CE00B4A771 /* OTPBoxes.swift in Sources */ = {isa = PBXBuildFile; fileRef = ABF8E41C2E93F3CE00B4A771 /* OTPBoxes.swift */; };
		ABF8E4812E93F3CE00B4A771 /* PhoneTextField.swift in Sources */ = {isa = PBXBuildFile; fileRef = ABF8E41D2E93F3CE00B4A771 /* PhoneTextField.swift */; };
		ABF8E4822E93F3CE00B4A771 /* TextFieldState.swift in Sources */ = {isa = PBXBuildFile; fileRef = ABF8E41E2E93F3CE00B4A771 /* TextFieldState.swift */; };
		ABF8E4832E93F3CE00B4A771 /* CountryPickerView.swift in Sources */ = {isa = PBXBuildFile; fileRef = ABF8E4202E93F3CE00B4A771 /* CountryPickerView.swift */; };
		ABF8E4842E93F3CE00B4A771 /* KYCBannerView.swift in Sources */ = {isa = PBXBuildFile; fileRef = ABF8E4212E93F3CE00B4A771 /* KYCBannerView.swift */; };
		ABF8E4852E93F3CE00B4A771 /* LoadingOverlay.swift in Sources */ = {isa = PBXBuildFile; fileRef = ABF8E4222E93F3CE00B4A771 /* LoadingOverlay.swift */; };
		ABF8E4862E93F3CE00B4A771 /* APIConstants.swift in Sources */ = {isa = PBXBuildFile; fileRef = ABF8E4242E93F3CE00B4A771 /* APIConstants.swift */; };
		ABF8E4872E93F3CE00B4A771 /* AppConstants.swift in Sources */ = {isa = PBXBuildFile; fileRef = ABF8E4252E93F3CE00B4A771 /* AppConstants.swift */; };
		ABF8E4882E93F3CE00B4A771 /* APIClient.swift in Sources */ = {isa = PBXBuildFile; fileRef = ABF8E4272E93F3CE00B4A771 /* APIClient.swift */; };
		ABF8E4892E93F3CE00B4A771 /* APIEndpoint.swift in Sources */ = {isa = PBXBuildFile; fileRef = ABF8E4282E93F3CE00B4A771 /* APIEndpoint.swift */; };
		ABF8E48A2E93F3CE00B4A771 /* APIError.swift in Sources */ = {isa = PBXBuildFile; fileRef = ABF8E4292E93F3CE00B4A771 /* APIError.swift */; };
		ABF8E48B2E93F3CE00B4A771 /* NetworkMonitor.swift in Sources */ = {isa = PBXBuildFile; fileRef = ABF8E42A2E93F3CE00B4A771 /* NetworkMonitor.swift */; };
		ABF8E48C2E93F3CE00B4A771 /* KeychainManager.swift in Sources */ = {isa = PBXBuildFile; fileRef = ABF8E42C2E93F3CE00B4A771 /* KeychainManager.swift */; };
		ABF8E48D2E93F3CE00B4A771 /* SecureStorage.swift in Sources */ = {isa = PBXBuildFile; fileRef = ABF8E42D2E93F3CE00B4A771 /* SecureStorage.swift */; };
		ABF8E48E2E93F3CE00B4A771 /* UserDefaultsManager.swift in Sources */ = {isa = PBXBuildFile; fileRef = ABF8E42E2E93F3CE00B4A771 /* UserDefaultsManager.swift */; };
		ABF8E48F2E93F3CE00B4A771 /* AuthResponse.swift in Sources */ = {isa = PBXBuildFile; fileRef = ABF8E4352E93F3CE00B4A771 /* AuthResponse.swift */; };
		ABF8E4902E93F3CE00B4A771 /* OTPResponse.swift in Sources */ = {isa = PBXBuildFile; fileRef = ABF8E4362E93F3CE00B4A771 /* OTPResponse.swift */; };
		ABF8E4912E93F3CE00B4A771 /* Transaction.swift in Sources */ = {isa = PBXBuildFile; fileRef = ABF8E4382E93F3CE00B4A771 /* Transaction.swift */; };
		ABF8E4922E93F3CE00B4A771 /* User.swift in Sources */ = {isa = PBXBuildFile; fileRef = ABF8E4392E93F3CE00B4A771 /* User.swift */; };
		ABF8E4932E93F3CE00B4A771 /* Wallet.swift in Sources */ = {isa = PBXBuildFile; fileRef = ABF8E43A2E93F3CE00B4A771 /* Wallet.swift */; };
		ABF8E4942E93F3CE00B4A771 /* AppFont.swift in Sources */ = {isa = PBXBuildFile; fileRef = ABF8E43C2E93F3CE00B4A771 /* AppFont.swift */; };
		ABF8E4952E93F3CE00B4A771 /* AppTheme.swift in Sources */ = {isa = PBXBuildFile; fileRef = ABF8E43D2E93F3CE00B4A771 /* AppTheme.swift */; };
		ABF8E4972E93F3CE00B4A771 /* Country.swift in Sources */ = {isa = PBXBuildFile; fileRef = ABF8E4402E93F3CE00B4A771 /* Country.swift */; };
		ABF8E4982E93F3CE00B4A771 /* Spacing.swift in Sources */ = {isa = PBXBuildFile; fileRef = ABF8E4422E93F3CE00B4A771 /* Spacing.swift */; };
		ABF8E4992E93F3CE00B4A771 /* Validators.swift in Sources */ = {isa = PBXBuildFile; fileRef = ABF8E4432E93F3CE00B4A771 /* Validators.swift */; };
		ABF8E49C2E93F3CE00B4A771 /* ForgotPasswordViewModel.swift in Sources */ = {isa = PBXBuildFile; fileRef = ABF8E4492E93F3CE00B4A771 /* ForgotPasswordViewModel.swift */; };
		ABF8E49D2E93F3CE00B4A771 /* LoginViewModel.swift in Sources */ = {isa = PBXBuildFile; fileRef = ABF8E44A2E93F3CE00B4A771 /* LoginViewModel.swift */; };
		ABF8E49E2E93F3CE00B4A771 /* OTPViewModel.swift in Sources */ = {isa = PBXBuildFile; fileRef = ABF8E44B2E93F3CE00B4A771 /* OTPViewModel.swift */; };
		ABF8E49F2E93F3CE00B4A771 /* RegisterViewModel.swift in Sources */ = {isa = PBXBuildFile; fileRef = ABF8E44C2E93F3CE00B4A771 /* RegisterViewModel.swift */; };
		ABF8E4A02E93F3CE00B4A771 /* ResetPasswordViewModel.swift in Sources */ = {isa = PBXBuildFile; fileRef = ABF8E44D2E93F3CE00B4A771 /* ResetPasswordViewModel.swift */; };
		ABF8E4A22E93F3CE00B4A771 /* ForgotPasswordView.swift in Sources */ = {isa = PBXBuildFile; fileRef = ABF8E4552E93F3CE00B4A771 /* ForgotPasswordView.swift */; };
		ABF8E4A32E93F3CE00B4A771 /* LoginView.swift in Sources */ = {isa = PBXBuildFile; fileRef = ABF8E4562E93F3CE00B4A771 /* LoginView.swift */; };
		ABF8E4A42E93F3CE00B4A771 /* OTPView.swift in Sources */ = {isa = PBXBuildFile; fileRef = ABF8E4572E93F3CE00B4A771 /* OTPView.swift */; };
		ABF8E4A52E93F3CE00B4A771 /* RegisterView.swift in Sources */ = {isa = PBXBuildFile; fileRef = ABF8E4582E93F3CE00B4A771 /* RegisterView.swift */; };
		ABF8E4A62E93F3CE00B4A771 /* ResetPasswordView.swift in Sources */ = {isa = PBXBuildFile; fileRef = ABF8E4592E93F3CE00B4A771 /* ResetPasswordView.swift */; };
		ABF8E4A72E93F3CE00B4A771 /* AssetsView.swift in Sources */ = {isa = PBXBuildFile; fileRef = ABF8E45C2E93F3CE00B4A771 /* AssetsView.swift */; };
		ABF8E4A82E93F3CE00B4A771 /* DashboardView.swift in Sources */ = {isa = PBXBuildFile; fileRef = ABF8E45D2E93F3CE00B4A771 /* DashboardView.swift */; };
		ABF8E4A92E93F3CE00B4A771 /* HistoryView.swift in Sources */ = {isa = PBXBuildFile; fileRef = ABF8E45E2E93F3CE00B4A771 /* HistoryView.swift */; };
		ABF8E4AA2E93F3CE00B4A771 /* HomeView.swift in Sources */ = {isa = PBXBuildFile; fileRef = ABF8E45F2E93F3CE00B4A771 /* HomeView.swift */; };
		ABF8E4AB2E93F3CE00B4A771 /* ProfileView.swift in Sources */ = {isa = PBXBuildFile; fileRef = ABF8E4602E93F3CE00B4A771 /* ProfileView.swift */; };
		ABF8E4AC2E93F3CE00B4A771 /* OnboardingView.swift in Sources */ = {isa = PBXBuildFile; fileRef = ABF8E4622E93F3CE00B4A771 /* OnboardingView.swift */; };
		ABF8E4AD2E93F3CE00B4A771 /* OnboardingViewModel.swift in Sources */ = {isa = PBXBuildFile; fileRef = ABF8E4632E93F3CE00B4A771 /* OnboardingViewModel.swift */; };
		ABF8E4AE2E93F3CE00B4A771 /* SplashView.swift in Sources */ = {isa = PBXBuildFile; fileRef = ABF8E4652E93F3CE00B4A771 /* SplashView.swift */; };
		ABF8E4AF2E93F3CE00B4A771 /* SplashViewModel.swift in Sources */ = {isa = PBXBuildFile; fileRef = ABF8E4662E93F3CE00B4A771 /* SplashViewModel.swift */; };
		ABF8E4B02E93F3CE00B4A771 /* TransactionDetailView.swift in Sources */ = {isa = PBXBuildFile; fileRef = ABF8E4682E93F3CE00B4A771 /* TransactionDetailView.swift */; };
		ABF8E4B12E93F3CE00B4A771 /* TransactionListView.swift in Sources */ = {isa = PBXBuildFile; fileRef = ABF8E4692E93F3CE00B4A771 /* TransactionListView.swift */; };
		ABF8E4B22E93F3CE00B4A771 /* DepositView.swift in Sources */ = {isa = PBXBuildFile; fileRef = ABF8E46B2E93F3CE00B4A771 /* DepositView.swift */; };
		ABF8E4B32E93F3CE00B4A771 /* P2PTransferView.swift in Sources */ = {isa = PBXBuildFile; fileRef = ABF8E46C2E93F3CE00B4A771 /* P2PTransferView.swift */; };
		ABF8E4B42E93F3CE00B4A771 /* WithdrawView.swift in Sources */ = {isa = PBXBuildFile; fileRef = ABF8E46D2E93F3CE00B4A771 /* WithdrawView.swift */; };
		ABF8E4B52E93F3CE00B4A771 /* WalletDetailView.swift in Sources */ = {isa = PBXBuildFile; fileRef = ABF8E46F2E93F3CE00B4A771 /* WalletDetailView.swift */; };
		ABF8E4B62E93F3CE00B4A771 /* WalletListView.swift in Sources */ = {isa = PBXBuildFile; fileRef = ABF8E4702E93F3CE00B4A771 /* WalletListView.swift */; };
		ABF8E4B82E93F3CE00B4A771 /* AfriVestApp.swift in Sources */ = {isa = PBXBuildFile; fileRef = ABF8E4752E93F3CE00B4A771 /* AfriVestApp.swift */; };
		ABF8E4B92E93F3CE00B4A771 /* ContentView.swift in Sources */ = {isa = PBXBuildFile; fileRef = ABF8E4762E93F3CE00B4A771 /* ContentView.swift */; };
		ABF8E4BA2E93F3CE00B4A771 /* Colors.swift in Resources */ = {isa = PBXBuildFile; fileRef = ABF8E43F2E93F3CE00B4A771 /* Colors.swift */; };
		ABF9B50E2E942AE500867A55 /* WalletService.swift in Sources */ = {isa = PBXBuildFile; fileRef = ABF9B50D2E942AE500867A55 /* WalletService.swift */; };
		ABF9B5112E942B0B00867A55 /* HomeViewModel.swift in Sources */ = {isa = PBXBuildFile; fileRef = ABF9B5102E942B0B00867A55 /* HomeViewModel.swift */; };
		ABF9B5132E942B1C00867A55 /* WalletCard.swift in Sources */ = {isa = PBXBuildFile; fileRef = ABF9B5122E942B1C00867A55 /* WalletCard.swift */; };
		ABF9B5152E942B4300867A55 /* TransactionListItem.swift in Sources */ = {isa = PBXBuildFile; fileRef = ABF9B5142E942B4300867A55 /* TransactionListItem.swift */; };
/* End PBXBuildFile section */

/* Begin PBXFileReference section */
		AB4C8FAC2E96333D00F2701C /* ProfileService.swift */ = {isa = PBXFileReference; lastKnownFileType = sourcecode.swift; path = ProfileService.swift; sourceTree = "<group>"; };
		AB4C8FAE2E96337D00F2701C /* ProfileResponse.swift */ = {isa = PBXFileReference; lastKnownFileType = sourcecode.swift; path = ProfileResponse.swift; sourceTree = "<group>"; };
		ABD92DB92E8D904700808567 /* AfriVest.app */ = {isa = PBXFileReference; explicitFileType = wrapper.application; includeInIndex = 0; path = AfriVest.app; sourceTree = BUILT_PRODUCTS_DIR; };
		ABF8E4142E93F3CE00B4A771 /* AppDelegate.swift */ = {isa = PBXFileReference; lastKnownFileType = sourcecode.swift; path = AppDelegate.swift; sourceTree = "<group>"; };
		ABF8E4162E93F3CE00B4A771 /* BiometricButton.swift */ = {isa = PBXFileReference; lastKnownFileType = sourcecode.swift; path = BiometricButton.swift; sourceTree = "<group>"; };
		ABF8E4172E93F3CE00B4A771 /* FloatingActionButton.swift */ = {isa = PBXFileReference; lastKnownFileType = sourcecode.swift; path = FloatingActionButton.swift; sourceTree = "<group>"; };
		ABF8E4182E93F3CE00B4A771 /* PrimaryButton.swift */ = {isa = PBXFileReference; lastKnownFileType = sourcecode.swift; path = PrimaryButton.swift; sourceTree = "<group>"; };
		ABF8E41C2E93F3CE00B4A771 /* OTPBoxes.swift */ = {isa = PBXFileReference; lastKnownFileType = sourcecode.swift; path = OTPBoxes.swift; sourceTree = "<group>"; };
		ABF8E41D2E93F3CE00B4A771 /* PhoneTextField.swift */ = {isa = PBXFileReference; lastKnownFileType = sourcecode.swift; path = PhoneTextField.swift; sourceTree = "<group>"; };
		ABF8E41E2E93F3CE00B4A771 /* TextFieldState.swift */ = {isa = PBXFileReference; lastKnownFileType = sourcecode.swift; path = TextFieldState.swift; sourceTree = "<group>"; };
		ABF8E4202E93F3CE00B4A771 /* CountryPickerView.swift */ = {isa = PBXFileReference; lastKnownFileType = sourcecode.swift; path = CountryPickerView.swift; sourceTree = "<group>"; };
		ABF8E4212E93F3CE00B4A771 /* KYCBannerView.swift */ = {isa = PBXFileReference; lastKnownFileType = sourcecode.swift; path = KYCBannerView.swift; sourceTree = "<group>"; };
		ABF8E4222E93F3CE00B4A771 /* LoadingOverlay.swift */ = {isa = PBXFileReference; lastKnownFileType = sourcecode.swift; path = LoadingOverlay.swift; sourceTree = "<group>"; };
		ABF8E4242E93F3CE00B4A771 /* APIConstants.swift */ = {isa = PBXFileReference; lastKnownFileType = sourcecode.swift; path = APIConstants.swift; sourceTree = "<group>"; };
		ABF8E4252E93F3CE00B4A771 /* AppConstants.swift */ = {isa = PBXFileReference; lastKnownFileType = sourcecode.swift; path = AppConstants.swift; sourceTree = "<group>"; };
		ABF8E4272E93F3CE00B4A771 /* APIClient.swift */ = {isa = PBXFileReference; lastKnownFileType = sourcecode.swift; path = APIClient.swift; sourceTree = "<group>"; };
		ABF8E4282E93F3CE00B4A771 /* APIEndpoint.swift */ = {isa = PBXFileReference; lastKnownFileType = sourcecode.swift; path = APIEndpoint.swift; sourceTree = "<group>"; };
		ABF8E4292E93F3CE00B4A771 /* APIError.swift */ = {isa = PBXFileReference; lastKnownFileType = sourcecode.swift; path = APIError.swift; sourceTree = "<group>"; };
		ABF8E42A2E93F3CE00B4A771 /* NetworkMonitor.swift */ = {isa = PBXFileReference; lastKnownFileType = sourcecode.swift; path = NetworkMonitor.swift; sourceTree = "<group>"; };
		ABF8E42C2E93F3CE00B4A771 /* KeychainManager.swift */ = {isa = PBXFileReference; lastKnownFileType = sourcecode.swift; path = KeychainManager.swift; sourceTree = "<group>"; };
		ABF8E42D2E93F3CE00B4A771 /* SecureStorage.swift */ = {isa = PBXFileReference; lastKnownFileType = sourcecode.swift; path = SecureStorage.swift; sourceTree = "<group>"; };
		ABF8E42E2E93F3CE00B4A771 /* UserDefaultsManager.swift */ = {isa = PBXFileReference; lastKnownFileType = sourcecode.swift; path = UserDefaultsManager.swift; sourceTree = "<group>"; };
		ABF8E4352E93F3CE00B4A771 /* AuthResponse.swift */ = {isa = PBXFileReference; lastKnownFileType = sourcecode.swift; path = AuthResponse.swift; sourceTree = "<group>"; };
		ABF8E4362E93F3CE00B4A771 /* OTPResponse.swift */ = {isa = PBXFileReference; lastKnownFileType = sourcecode.swift; path = OTPResponse.swift; sourceTree = "<group>"; };
		ABF8E4382E93F3CE00B4A771 /* Transaction.swift */ = {isa = PBXFileReference; lastKnownFileType = sourcecode.swift; path = Transaction.swift; sourceTree = "<group>"; };
		ABF8E4392E93F3CE00B4A771 /* User.swift */ = {isa = PBXFileReference; lastKnownFileType = sourcecode.swift; path = User.swift; sourceTree = "<group>"; };
		ABF8E43A2E93F3CE00B4A771 /* Wallet.swift */ = {isa = PBXFileReference; lastKnownFileType = sourcecode.swift; path = Wallet.swift; sourceTree = "<group>"; };
		ABF8E43C2E93F3CE00B4A771 /* AppFont.swift */ = {isa = PBXFileReference; lastKnownFileType = sourcecode.swift; path = AppFont.swift; sourceTree = "<group>"; };
		ABF8E43D2E93F3CE00B4A771 /* AppTheme.swift */ = {isa = PBXFileReference; lastKnownFileType = sourcecode.swift; path = AppTheme.swift; sourceTree = "<group>"; };
		ABF8E43E2E93F3CE00B4A771 /* Assets.xcassets */ = {isa = PBXFileReference; lastKnownFileType = folder.assetcatalog; path = Assets.xcassets; sourceTree = "<group>"; };
		ABF8E43F2E93F3CE00B4A771 /* Colors.swift */ = {isa = PBXFileReference; lastKnownFileType = sourcecode.swift; path = Colors.swift; sourceTree = "<group>"; };
		ABF8E4402E93F3CE00B4A771 /* Country.swift */ = {isa = PBXFileReference; lastKnownFileType = sourcecode.swift; path = Country.swift; sourceTree = "<group>"; };
		ABF8E4412E93F3CE00B4A771 /* GoogleService-Info.plist */ = {isa = PBXFileReference; lastKnownFileType = text.plist.xml; path = "GoogleService-Info.plist"; sourceTree = "<group>"; };
		ABF8E4422E93F3CE00B4A771 /* Spacing.swift */ = {isa = PBXFileReference; lastKnownFileType = sourcecode.swift; path = Spacing.swift; sourceTree = "<group>"; };
		ABF8E4432E93F3CE00B4A771 /* Validators.swift */ = {isa = PBXFileReference; lastKnownFileType = sourcecode.swift; path = Validators.swift; sourceTree = "<group>"; };
		ABF8E4492E93F3CE00B4A771 /* ForgotPasswordViewModel.swift */ = {isa = PBXFileReference; lastKnownFileType = sourcecode.swift; path = ForgotPasswordViewModel.swift; sourceTree = "<group>"; };
		ABF8E44A2E93F3CE00B4A771 /* LoginViewModel.swift */ = {isa = PBXFileReference; lastKnownFileType = sourcecode.swift; path = LoginViewModel.swift; sourceTree = "<group>"; };
		ABF8E44B2E93F3CE00B4A771 /* OTPViewModel.swift */ = {isa = PBXFileReference; lastKnownFileType = sourcecode.swift; path = OTPViewModel.swift; sourceTree = "<group>"; };
		ABF8E44C2E93F3CE00B4A771 /* RegisterViewModel.swift */ = {isa = PBXFileReference; lastKnownFileType = sourcecode.swift; path = RegisterViewModel.swift; sourceTree = "<group>"; };
		ABF8E44D2E93F3CE00B4A771 /* ResetPasswordViewModel.swift */ = {isa = PBXFileReference; lastKnownFileType = sourcecode.swift; path = ResetPasswordViewModel.swift; sourceTree = "<group>"; };
		ABF8E4552E93F3CE00B4A771 /* ForgotPasswordView.swift */ = {isa = PBXFileReference; lastKnownFileType = sourcecode.swift; path = ForgotPasswordView.swift; sourceTree = "<group>"; };
		ABF8E4562E93F3CE00B4A771 /* LoginView.swift */ = {isa = PBXFileReference; lastKnownFileType = sourcecode.swift; path = LoginView.swift; sourceTree = "<group>"; };
		ABF8E4572E93F3CE00B4A771 /* OTPView.swift */ = {isa = PBXFileReference; lastKnownFileType = sourcecode.swift; path = OTPView.swift; sourceTree = "<group>"; };
		ABF8E4582E93F3CE00B4A771 /* RegisterView.swift */ = {isa = PBXFileReference; lastKnownFileType = sourcecode.swift; path = RegisterView.swift; sourceTree = "<group>"; };
		ABF8E4592E93F3CE00B4A771 /* ResetPasswordView.swift */ = {isa = PBXFileReference; lastKnownFileType = sourcecode.swift; path = ResetPasswordView.swift; sourceTree = "<group>"; };
		ABF8E45C2E93F3CE00B4A771 /* AssetsView.swift */ = {isa = PBXFileReference; lastKnownFileType = sourcecode.swift; path = AssetsView.swift; sourceTree = "<group>"; };
		ABF8E45D2E93F3CE00B4A771 /* DashboardView.swift */ = {isa = PBXFileReference; lastKnownFileType = sourcecode.swift; path = DashboardView.swift; sourceTree = "<group>"; };
		ABF8E45E2E93F3CE00B4A771 /* HistoryView.swift */ = {isa = PBXFileReference; lastKnownFileType = sourcecode.swift; path = HistoryView.swift; sourceTree = "<group>"; };
		ABF8E45F2E93F3CE00B4A771 /* HomeView.swift */ = {isa = PBXFileReference; lastKnownFileType = sourcecode.swift; path = HomeView.swift; sourceTree = "<group>"; };
		ABF8E4602E93F3CE00B4A771 /* ProfileView.swift */ = {isa = PBXFileReference; lastKnownFileType = sourcecode.swift; path = ProfileView.swift; sourceTree = "<group>"; };
		ABF8E4622E93F3CE00B4A771 /* OnboardingView.swift */ = {isa = PBXFileReference; lastKnownFileType = sourcecode.swift; path = OnboardingView.swift; sourceTree = "<group>"; };
		ABF8E4632E93F3CE00B4A771 /* OnboardingViewModel.swift */ = {isa = PBXFileReference; lastKnownFileType = sourcecode.swift; path = OnboardingViewModel.swift; sourceTree = "<group>"; };
		ABF8E4652E93F3CE00B4A771 /* SplashView.swift */ = {isa = PBXFileReference; lastKnownFileType = sourcecode.swift; path = SplashView.swift; sourceTree = "<group>"; };
		ABF8E4662E93F3CE00B4A771 /* SplashViewModel.swift */ = {isa = PBXFileReference; lastKnownFileType = sourcecode.swift; path = SplashViewModel.swift; sourceTree = "<group>"; };
		ABF8E4682E93F3CE00B4A771 /* TransactionDetailView.swift */ = {isa = PBXFileReference; lastKnownFileType = sourcecode.swift; path = TransactionDetailView.swift; sourceTree = "<group>"; };
		ABF8E4692E93F3CE00B4A771 /* TransactionListView.swift */ = {isa = PBXFileReference; lastKnownFileType = sourcecode.swift; path = TransactionListView.swift; sourceTree = "<group>"; };
		ABF8E46B2E93F3CE00B4A771 /* DepositView.swift */ = {isa = PBXFileReference; lastKnownFileType = sourcecode.swift; path = DepositView.swift; sourceTree = "<group>"; };
		ABF8E46C2E93F3CE00B4A771 /* P2PTransferView.swift */ = {isa = PBXFileReference; lastKnownFileType = sourcecode.swift; path = P2PTransferView.swift; sourceTree = "<group>"; };
		ABF8E46D2E93F3CE00B4A771 /* WithdrawView.swift */ = {isa = PBXFileReference; lastKnownFileType = sourcecode.swift; path = WithdrawView.swift; sourceTree = "<group>"; };
		ABF8E46F2E93F3CE00B4A771 /* WalletDetailView.swift */ = {isa = PBXFileReference; lastKnownFileType = sourcecode.swift; path = WalletDetailView.swift; sourceTree = "<group>"; };
		ABF8E4702E93F3CE00B4A771 /* WalletListView.swift */ = {isa = PBXFileReference; lastKnownFileType = sourcecode.swift; path = WalletListView.swift; sourceTree = "<group>"; };
		ABF8E4742E93F3CE00B4A771 /* AfriVest.entitlements */ = {isa = PBXFileReference; lastKnownFileType = text.plist.entitlements; path = AfriVest.entitlements; sourceTree = "<group>"; };
		ABF8E4752E93F3CE00B4A771 /* AfriVestApp.swift */ = {isa = PBXFileReference; lastKnownFileType = sourcecode.swift; path = AfriVestApp.swift; sourceTree = "<group>"; };
		ABF8E4762E93F3CE00B4A771 /* ContentView.swift */ = {isa = PBXFileReference; lastKnownFileType = sourcecode.swift; path = ContentView.swift; sourceTree = "<group>"; };
		ABF8E4772E93F3CE00B4A771 /* Info.plist */ = {isa = PBXFileReference; lastKnownFileType = text.plist.xml; path = Info.plist; sourceTree = "<group>"; };
		ABF9B50D2E942AE500867A55 /* WalletService.swift */ = {isa = PBXFileReference; lastKnownFileType = sourcecode.swift; path = WalletService.swift; sourceTree = "<group>"; };
		ABF9B5102E942B0B00867A55 /* HomeViewModel.swift */ = {isa = PBXFileReference; lastKnownFileType = sourcecode.swift; path = HomeViewModel.swift; sourceTree = "<group>"; };
		ABF9B5122E942B1C00867A55 /* WalletCard.swift */ = {isa = PBXFileReference; lastKnownFileType = sourcecode.swift; path = WalletCard.swift; sourceTree = "<group>"; };
		ABF9B5142E942B4300867A55 /* TransactionListItem.swift */ = {isa = PBXFileReference; lastKnownFileType = sourcecode.swift; path = TransactionListItem.swift; sourceTree = "<group>"; };
/* End PBXFileReference section */

/* Begin PBXFrameworksBuildPhase section */
		ABD92DB62E8D904700808567 /* Frameworks */ = {
			isa = PBXFrameworksBuildPhase;
			buildActionMask = 2147483647;
			files = (
				AB30ECF72E95D5EE00EEB7ED /* KeychainSwift in Frameworks */,
				AB30ECF42E95D5D400EEB7ED /* Alamofire in Frameworks */,
				AB30ED082E95D6A300EEB7ED /* Lottie in Frameworks */,
				AB30ED022E95D64F00EEB7ED /* FirebaseMessaging in Frameworks */,
				AB30ECFE2E95D64F00EEB7ED /* FirebaseCrashlytics in Frameworks */,
				AB30ED052E95D67800EEB7ED /* Kingfisher in Frameworks */,
				AB30ECFC2E95D64F00EEB7ED /* FirebaseCore in Frameworks */,
				AB30ECFA2E95D64F00EEB7ED /* FirebaseAnalytics in Frameworks */,
				AB30ED002E95D64F00EEB7ED /* FirebaseInAppMessaging-Beta in Frameworks */,
			);
			runOnlyForDeploymentPostprocessing = 0;
		};
/* End PBXFrameworksBuildPhase section */

/* Begin PBXGroup section */
		ABD92DB02E8D904600808567 = {
			isa = PBXGroup;
			children = (
				ABF8E4782E93F3CE00B4A771 /* AfriVest */,
				ABD92DBA2E8D904700808567 /* Products */,
			);
			sourceTree = "<group>";
		};
		ABD92DBA2E8D904700808567 /* Products */ = {
			isa = PBXGroup;
			children = (
				ABD92DB92E8D904700808567 /* AfriVest.app */,
			);
			name = Products;
			sourceTree = "<group>";
		};
		ABF8E4152E93F3CE00B4A771 /* App */ = {
			isa = PBXGroup;
			children = (
				ABF8E4142E93F3CE00B4A771 /* AppDelegate.swift */,
			);
			path = App;
			sourceTree = "<group>";
		};
		ABF8E4192E93F3CE00B4A771 /* Buttons */ = {
			isa = PBXGroup;
			children = (
				ABF8E4162E93F3CE00B4A771 /* BiometricButton.swift */,
				ABF8E4172E93F3CE00B4A771 /* FloatingActionButton.swift */,
				ABF8E4182E93F3CE00B4A771 /* PrimaryButton.swift */,
			);
			path = Buttons;
			sourceTree = "<group>";
		};
		ABF8E41A2E93F3CE00B4A771 /* Cards */ = {
			isa = PBXGroup;
			children = (
				ABF9B5142E942B4300867A55 /* TransactionListItem.swift */,
				ABF9B5122E942B1C00867A55 /* WalletCard.swift */,
			);
			path = Cards;
			sourceTree = "<group>";
		};
		ABF8E41B2E93F3CE00B4A771 /* LoadingViews */ = {
			isa = PBXGroup;
			children = (
			);
			path = LoadingViews;
			sourceTree = "<group>";
		};
		ABF8E41F2E93F3CE00B4A771 /* TextFields */ = {
			isa = PBXGroup;
			children = (
				ABF8E41C2E93F3CE00B4A771 /* OTPBoxes.swift */,
				ABF8E41D2E93F3CE00B4A771 /* PhoneTextField.swift */,
				ABF8E41E2E93F3CE00B4A771 /* TextFieldState.swift */,
			);
			path = TextFields;
			sourceTree = "<group>";
		};
		ABF8E4232E93F3CE00B4A771 /* Components */ = {
			isa = PBXGroup;
			children = (
				ABF8E4192E93F3CE00B4A771 /* Buttons */,
				ABF8E41A2E93F3CE00B4A771 /* Cards */,
				ABF8E41B2E93F3CE00B4A771 /* LoadingViews */,
				ABF8E41F2E93F3CE00B4A771 /* TextFields */,
				ABF8E4202E93F3CE00B4A771 /* CountryPickerView.swift */,
				ABF8E4212E93F3CE00B4A771 /* KYCBannerView.swift */,
				ABF8E4222E93F3CE00B4A771 /* LoadingOverlay.swift */,
			);
			path = Components;
			sourceTree = "<group>";
		};
		ABF8E4262E93F3CE00B4A771 /* Constants */ = {
			isa = PBXGroup;
			children = (
				ABF8E4242E93F3CE00B4A771 /* APIConstants.swift */,
				ABF8E4252E93F3CE00B4A771 /* AppConstants.swift */,
			);
			path = Constants;
			sourceTree = "<group>";
		};
		ABF8E42B2E93F3CE00B4A771 /* Network */ = {
			isa = PBXGroup;
			children = (
				ABF8E4272E93F3CE00B4A771 /* APIClient.swift */,
				ABF8E4282E93F3CE00B4A771 /* APIEndpoint.swift */,
				ABF8E4292E93F3CE00B4A771 /* APIError.swift */,
				ABF8E42A2E93F3CE00B4A771 /* NetworkMonitor.swift */,
			);
			path = Network;
			sourceTree = "<group>";
		};
		ABF8E42F2E93F3CE00B4A771 /* Storage */ = {
			isa = PBXGroup;
			children = (
				ABF8E42C2E93F3CE00B4A771 /* KeychainManager.swift */,
				ABF8E42D2E93F3CE00B4A771 /* SecureStorage.swift */,
				ABF8E42E2E93F3CE00B4A771 /* UserDefaultsManager.swift */,
			);
			path = Storage;
			sourceTree = "<group>";
		};
		ABF8E4302E93F3CE00B4A771 /* Extensions */ = {
			isa = PBXGroup;
			children = (
			);
			path = Extensions;
			sourceTree = "<group>";
		};
		ABF8E4312E93F3CE00B4A771 /* Formatters */ = {
			isa = PBXGroup;
			children = (
			);
			path = Formatters;
			sourceTree = "<group>";
		};
		ABF8E4322E93F3CE00B4A771 /* Validators */ = {
			isa = PBXGroup;
			children = (
			);
			path = Validators;
			sourceTree = "<group>";
		};
		ABF8E4332E93F3CE00B4A771 /* Utils */ = {
			isa = PBXGroup;
			children = (
				ABF8E4302E93F3CE00B4A771 /* Extensions */,
				ABF8E4312E93F3CE00B4A771 /* Formatters */,
				ABF8E4322E93F3CE00B4A771 /* Validators */,
			);
			path = Utils;
			sourceTree = "<group>";
		};
		ABF8E4342E93F3CE00B4A771 /* Core */ = {
			isa = PBXGroup;
			children = (
				ABF8E4262E93F3CE00B4A771 /* Constants */,
				ABF8E42B2E93F3CE00B4A771 /* Network */,
				ABF8E42F2E93F3CE00B4A771 /* Storage */,
				ABF8E4332E93F3CE00B4A771 /* Utils */,
			);
			path = Core;
			sourceTree = "<group>";
		};
		ABF8E4372E93F3CE00B4A771 /* API */ = {
			isa = PBXGroup;
			children = (
				AB4C8FAE2E96337D00F2701C /* ProfileResponse.swift */,
				ABF8E4352E93F3CE00B4A771 /* AuthResponse.swift */,
				ABF8E4362E93F3CE00B4A771 /* OTPResponse.swift */,
			);
			path = API;
			sourceTree = "<group>";
		};
		ABF8E43B2E93F3CE00B4A771 /* Models */ = {
			isa = PBXGroup;
			children = (
				ABF8E4372E93F3CE00B4A771 /* API */,
				ABF8E4382E93F3CE00B4A771 /* Transaction.swift */,
				ABF8E4392E93F3CE00B4A771 /* User.swift */,
				ABF8E43A2E93F3CE00B4A771 /* Wallet.swift */,
			);
			path = Models;
			sourceTree = "<group>";
		};
		ABF8E4442E93F3CE00B4A771 /* Resources */ = {
			isa = PBXGroup;
			children = (
				ABF8E43C2E93F3CE00B4A771 /* AppFont.swift */,
				ABF8E43D2E93F3CE00B4A771 /* AppTheme.swift */,
				ABF8E43E2E93F3CE00B4A771 /* Assets.xcassets */,
				ABF8E43F2E93F3CE00B4A771 /* Colors.swift */,
				ABF8E4402E93F3CE00B4A771 /* Country.swift */,
				ABF8E4412E93F3CE00B4A771 /* GoogleService-Info.plist */,
				ABF8E4422E93F3CE00B4A771 /* Spacing.swift */,
				ABF8E4432E93F3CE00B4A771 /* Validators.swift */,
			);
			path = Resources;
			sourceTree = "<group>";
		};
		ABF8E4482E93F3CE00B4A771 /* Services */ = {
			isa = PBXGroup;
			children = (
				AB4C8FAC2E96333D00F2701C /* ProfileService.swift */,
				ABF9B50D2E942AE500867A55 /* WalletService.swift */,
			);
			path = Services;
			sourceTree = "<group>";
		};
		ABF8E44E2E93F3CE00B4A771 /* Auth */ = {
			isa = PBXGroup;
			children = (
				ABF8E4492E93F3CE00B4A771 /* ForgotPasswordViewModel.swift */,
				ABF8E44A2E93F3CE00B4A771 /* LoginViewModel.swift */,
				ABF8E44B2E93F3CE00B4A771 /* OTPViewModel.swift */,
				ABF8E44C2E93F3CE00B4A771 /* RegisterViewModel.swift */,
				ABF8E44D2E93F3CE00B4A771 /* ResetPasswordViewModel.swift */,
			);
			path = Auth;
			sourceTree = "<group>";
		};
		ABF8E4502E93F3CE00B4A771 /* Deposit */ = {
			isa = PBXGroup;
			children = (
			);
			path = Deposit;
			sourceTree = "<group>";
		};
		ABF8E4512E93F3CE00B4A771 /* Profile */ = {
			isa = PBXGroup;
			children = (
			);
			path = Profile;
			sourceTree = "<group>";
		};
		ABF8E4522E93F3CE00B4A771 /* Transaction */ = {
			isa = PBXGroup;
			children = (
			);
			path = Transaction;
			sourceTree = "<group>";
		};
		ABF8E4532E93F3CE00B4A771 /* Wallet */ = {
			isa = PBXGroup;
			children = (
			);
			path = Wallet;
			sourceTree = "<group>";
		};
		ABF8E4542E93F3CE00B4A771 /* ViewModels */ = {
			isa = PBXGroup;
			children = (
				ABF9B5162E942E2D00867A55 /* Dashboard */,
				ABF8E44E2E93F3CE00B4A771 /* Auth */,
				ABF8E4502E93F3CE00B4A771 /* Deposit */,
				ABF8E4512E93F3CE00B4A771 /* Profile */,
				ABF8E4522E93F3CE00B4A771 /* Transaction */,
				ABF8E4532E93F3CE00B4A771 /* Wallet */,
			);
			path = ViewModels;
			sourceTree = "<group>";
		};
		ABF8E45A2E93F3CE00B4A771 /* Authentication */ = {
			isa = PBXGroup;
			children = (
				ABF8E4552E93F3CE00B4A771 /* ForgotPasswordView.swift */,
				ABF8E4562E93F3CE00B4A771 /* LoginView.swift */,
				ABF8E4572E93F3CE00B4A771 /* OTPView.swift */,
				ABF8E4582E93F3CE00B4A771 /* RegisterView.swift */,
				ABF8E4592E93F3CE00B4A771 /* ResetPasswordView.swift */,
			);
			path = Authentication;
			sourceTree = "<group>";
		};
		ABF8E45B2E93F3CE00B4A771 /* Components */ = {
			isa = PBXGroup;
			children = (
			);
			path = Components;
			sourceTree = "<group>";
		};
		ABF8E4612E93F3CE00B4A771 /* Dashboard */ = {
			isa = PBXGroup;
			children = (
				ABF8E45B2E93F3CE00B4A771 /* Components */,
				ABF8E45C2E93F3CE00B4A771 /* AssetsView.swift */,
				ABF8E45D2E93F3CE00B4A771 /* DashboardView.swift */,
				ABF8E45E2E93F3CE00B4A771 /* HistoryView.swift */,
				ABF8E45F2E93F3CE00B4A771 /* HomeView.swift */,
				ABF8E4602E93F3CE00B4A771 /* ProfileView.swift */,
			);
			path = Dashboard;
			sourceTree = "<group>";
		};
		ABF8E4642E93F3CE00B4A771 /* Onboarding */ = {
			isa = PBXGroup;
			children = (
				ABF8E4622E93F3CE00B4A771 /* OnboardingView.swift */,
				ABF8E4632E93F3CE00B4A771 /* OnboardingViewModel.swift */,
			);
			path = Onboarding;
			sourceTree = "<group>";
		};
		ABF8E4672E93F3CE00B4A771 /* Splash */ = {
			isa = PBXGroup;
			children = (
				ABF8E4652E93F3CE00B4A771 /* SplashView.swift */,
				ABF8E4662E93F3CE00B4A771 /* SplashViewModel.swift */,
			);
			path = Splash;
			sourceTree = "<group>";
		};
		ABF8E46A2E93F3CE00B4A771 /* Transactions */ = {
			isa = PBXGroup;
			children = (
				ABF8E4682E93F3CE00B4A771 /* TransactionDetailView.swift */,
				ABF8E4692E93F3CE00B4A771 /* TransactionListView.swift */,
			);
			path = Transactions;
			sourceTree = "<group>";
		};
		ABF8E46E2E93F3CE00B4A771 /* Transfers */ = {
			isa = PBXGroup;
			children = (
				ABF8E46B2E93F3CE00B4A771 /* DepositView.swift */,
				ABF8E46C2E93F3CE00B4A771 /* P2PTransferView.swift */,
				ABF8E46D2E93F3CE00B4A771 /* WithdrawView.swift */,
			);
			path = Transfers;
			sourceTree = "<group>";
		};
		ABF8E4712E93F3CE00B4A771 /* Wallet */ = {
			isa = PBXGroup;
			children = (
				ABF8E46F2E93F3CE00B4A771 /* WalletDetailView.swift */,
				ABF8E4702E93F3CE00B4A771 /* WalletListView.swift */,
			);
			path = Wallet;
			sourceTree = "<group>";
		};
		ABF8E4732E93F3CE00B4A771 /* Views */ = {
			isa = PBXGroup;
			children = (
				ABF8E45A2E93F3CE00B4A771 /* Authentication */,
				ABF8E4612E93F3CE00B4A771 /* Dashboard */,
				ABF8E4642E93F3CE00B4A771 /* Onboarding */,
				ABF8E4672E93F3CE00B4A771 /* Splash */,
				ABF8E46A2E93F3CE00B4A771 /* Transactions */,
				ABF8E46E2E93F3CE00B4A771 /* Transfers */,
				ABF8E4712E93F3CE00B4A771 /* Wallet */,
			);
			path = Views;
			sourceTree = "<group>";
		};
		ABF8E4782E93F3CE00B4A771 /* AfriVest */ = {
			isa = PBXGroup;
			children = (
				ABF8E4152E93F3CE00B4A771 /* App */,
				ABF8E4232E93F3CE00B4A771 /* Components */,
				ABF8E4342E93F3CE00B4A771 /* Core */,
				ABF8E43B2E93F3CE00B4A771 /* Models */,
				ABF8E4442E93F3CE00B4A771 /* Resources */,
				ABF8E4482E93F3CE00B4A771 /* Services */,
				ABF8E4542E93F3CE00B4A771 /* ViewModels */,
				ABF8E4732E93F3CE00B4A771 /* Views */,
				ABF8E4742E93F3CE00B4A771 /* AfriVest.entitlements */,
				ABF8E4752E93F3CE00B4A771 /* AfriVestApp.swift */,
				ABF8E4762E93F3CE00B4A771 /* ContentView.swift */,
				ABF8E4772E93F3CE00B4A771 /* Info.plist */,
			);
			path = AfriVest;
			sourceTree = "<group>";
		};
		ABF9B5162E942E2D00867A55 /* Dashboard */ = {
			isa = PBXGroup;
			children = (
				ABF9B5102E942B0B00867A55 /* HomeViewModel.swift */,
			);
			path = Dashboard;
			sourceTree = "<group>";
		};
/* End PBXGroup section */

/* Begin PBXNativeTarget section */
		ABD92DB82E8D904700808567 /* AfriVest */ = {
			isa = PBXNativeTarget;
			buildConfigurationList = ABD92DC42E8D904800808567 /* Build configuration list for PBXNativeTarget "AfriVest" */;
			buildPhases = (
				ABD92DB52E8D904700808567 /* Sources */,
				ABD92DB62E8D904700808567 /* Frameworks */,
				ABD92DB72E8D904700808567 /* Resources */,
			);
			buildRules = (
			);
			dependencies = (
			);
			name = AfriVest;
			productName = AfriVest;
			productReference = ABD92DB92E8D904700808567 /* AfriVest.app */;
			productType = "com.apple.product-type.application";
		};
/* End PBXNativeTarget section */

/* Begin PBXProject section */
		ABD92DB12E8D904700808567 /* Project object */ = {
			isa = PBXProject;
			attributes = {
				BuildIndependentTargetsInParallel = 1;
				LastSwiftUpdateCheck = 2600;
				LastUpgradeCheck = 2600;
				TargetAttributes = {
					ABD92DB82E8D904700808567 = {
						CreatedOnToolsVersion = 26.0.1;
					};
				};
			};
			buildConfigurationList = ABD92DB42E8D904700808567 /* Build configuration list for PBXProject "AfriVest" */;
			compatibilityVersion = "Xcode 14.0";
			developmentRegion = en;
			hasScannedForEncodings = 0;
			knownRegions = (
				en,
				Base,
			);
			mainGroup = ABD92DB02E8D904600808567;
			packageReferences = (
				AB30ECF22E95D5D400EEB7ED /* XCRemoteSwiftPackageReference "Alamofire" */,
				AB30ECF52E95D5EE00EEB7ED /* XCRemoteSwiftPackageReference "keychain-swift" */,
				AB30ECF82E95D64F00EEB7ED /* XCRemoteSwiftPackageReference "firebase-ios-sdk" */,
				AB30ED032E95D67800EEB7ED /* XCRemoteSwiftPackageReference "Kingfisher" */,
				AB30ED062E95D6A300EEB7ED /* XCRemoteSwiftPackageReference "lottie-ios" */,
			);
			productRefGroup = ABD92DBA2E8D904700808567 /* Products */;
			projectDirPath = "";
			projectRoot = "";
			targets = (
				ABD92DB82E8D904700808567 /* AfriVest */,
			);
		};
/* End PBXProject section */

/* Begin PBXResourcesBuildPhase section */
		ABD92DB72E8D904700808567 /* Resources */ = {
			isa = PBXResourcesBuildPhase;
			buildActionMask = 2147483647;
			files = (
				ABF8E4792E93F3CE00B4A771 /* Assets.xcassets in Resources */,
				ABF8E4BA2E93F3CE00B4A771 /* Colors.swift in Resources */,
				ABF8E47A2E93F3CE00B4A771 /* GoogleService-Info.plist in Resources */,
			);
			runOnlyForDeploymentPostprocessing = 0;
		};
/* End PBXResourcesBuildPhase section */

/* Begin PBXSourcesBuildPhase section */
		ABD92DB52E8D904700808567 /* Sources */ = {
			isa = PBXSourcesBuildPhase;
			buildActionMask = 2147483647;
			files = (
				ABF8E47C2E93F3CE00B4A771 /* AppDelegate.swift in Sources */,
				ABF8E47D2E93F3CE00B4A771 /* BiometricButton.swift in Sources */,
				ABF8E47E2E93F3CE00B4A771 /* FloatingActionButton.swift in Sources */,
				ABF8E47F2E93F3CE00B4A771 /* PrimaryButton.swift in Sources */,
				ABF8E4802E93F3CE00B4A771 /* OTPBoxes.swift in Sources */,
				ABF8E4812E93F3CE00B4A771 /* PhoneTextField.swift in Sources */,
				ABF8E4822E93F3CE00B4A771 /* TextFieldState.swift in Sources */,
				ABF8E4832E93F3CE00B4A771 /* CountryPickerView.swift in Sources */,
				ABF8E4842E93F3CE00B4A771 /* KYCBannerView.swift in Sources */,
				ABF8E4852E93F3CE00B4A771 /* LoadingOverlay.swift in Sources */,
				ABF8E4862E93F3CE00B4A771 /* APIConstants.swift in Sources */,
				AB4C8FAF2E96338200F2701C /* ProfileResponse.swift in Sources */,
				AB4C8FAD2E96333D00F2701C /* ProfileService.swift in Sources */,
				ABF8E4872E93F3CE00B4A771 /* AppConstants.swift in Sources */,
				ABF8E4882E93F3CE00B4A771 /* APIClient.swift in Sources */,
				ABF9B5132E942B1C00867A55 /* WalletCard.swift in Sources */,
				ABF8E4892E93F3CE00B4A771 /* APIEndpoint.swift in Sources */,
				ABF8E48A2E93F3CE00B4A771 /* APIError.swift in Sources */,
				ABF8E48B2E93F3CE00B4A771 /* NetworkMonitor.swift in Sources */,
				ABF8E48C2E93F3CE00B4A771 /* KeychainManager.swift in Sources */,
				ABF8E48D2E93F3CE00B4A771 /* SecureStorage.swift in Sources */,
				ABF8E48E2E93F3CE00B4A771 /* UserDefaultsManager.swift in Sources */,
				ABF8E48F2E93F3CE00B4A771 /* AuthResponse.swift in Sources */,
				ABF8E4902E93F3CE00B4A771 /* OTPResponse.swift in Sources */,
				ABF8E4912E93F3CE00B4A771 /* Transaction.swift in Sources */,
				ABF8E4922E93F3CE00B4A771 /* User.swift in Sources */,
				ABF8E4932E93F3CE00B4A771 /* Wallet.swift in Sources */,
				ABF8E4942E93F3CE00B4A771 /* AppFont.swift in Sources */,
				ABF8E4952E93F3CE00B4A771 /* AppTheme.swift in Sources */,
				ABF8E4972E93F3CE00B4A771 /* Country.swift in Sources */,
				ABF8E4982E93F3CE00B4A771 /* Spacing.swift in Sources */,
				ABF8E4992E93F3CE00B4A771 /* Validators.swift in Sources */,
				ABF9B5112E942B0B00867A55 /* HomeViewModel.swift in Sources */,
				ABF8E49C2E93F3CE00B4A771 /* ForgotPasswordViewModel.swift in Sources */,
				ABF8E49D2E93F3CE00B4A771 /* LoginViewModel.swift in Sources */,
				ABF8E49E2E93F3CE00B4A771 /* OTPViewModel.swift in Sources */,
				ABF8E49F2E93F3CE00B4A771 /* RegisterViewModel.swift in Sources */,
				ABF9B5152E942B4300867A55 /* TransactionListItem.swift in Sources */,
				ABF8E4A02E93F3CE00B4A771 /* ResetPasswordViewModel.swift in Sources */,
				ABF8E4A22E93F3CE00B4A771 /* ForgotPasswordView.swift in Sources */,
				ABF8E4A32E93F3CE00B4A771 /* LoginView.swift in Sources */,
				ABF8E4A42E93F3CE00B4A771 /* OTPView.swift in Sources */,
				ABF8E4A52E93F3CE00B4A771 /* RegisterView.swift in Sources */,
				ABF8E4A62E93F3CE00B4A771 /* ResetPasswordView.swift in Sources */,
				ABF8E4A72E93F3CE00B4A771 /* AssetsView.swift in Sources */,
				ABF8E4A82E93F3CE00B4A771 /* DashboardView.swift in Sources */,
				ABF8E4A92E93F3CE00B4A771 /* HistoryView.swift in Sources */,
				ABF8E4AA2E93F3CE00B4A771 /* HomeView.swift in Sources */,
				ABF8E4AB2E93F3CE00B4A771 /* ProfileView.swift in Sources */,
				ABF8E4AC2E93F3CE00B4A771 /* OnboardingView.swift in Sources */,
				ABF8E4AD2E93F3CE00B4A771 /* OnboardingViewModel.swift in Sources */,
				ABF8E4AE2E93F3CE00B4A771 /* SplashView.swift in Sources */,
				ABF8E4AF2E93F3CE00B4A771 /* SplashViewModel.swift in Sources */,
				ABF8E4B02E93F3CE00B4A771 /* TransactionDetailView.swift in Sources */,
				ABF8E4B12E93F3CE00B4A771 /* TransactionListView.swift in Sources */,
				ABF8E4B22E93F3CE00B4A771 /* DepositView.swift in Sources */,
				ABF8E4B32E93F3CE00B4A771 /* P2PTransferView.swift in Sources */,
				ABF8E4B42E93F3CE00B4A771 /* WithdrawView.swift in Sources */,
				ABF8E4B52E93F3CE00B4A771 /* WalletDetailView.swift in Sources */,
				ABF9B50E2E942AE500867A55 /* WalletService.swift in Sources */,
				ABF8E4B62E93F3CE00B4A771 /* WalletListView.swift in Sources */,
				ABF8E4B82E93F3CE00B4A771 /* AfriVestApp.swift in Sources */,
				ABF8E4B92E93F3CE00B4A771 /* ContentView.swift in Sources */,
			);
			runOnlyForDeploymentPostprocessing = 0;
		};
/* End PBXSourcesBuildPhase section */

/* Begin XCBuildConfiguration section */
		ABD92DC22E8D904800808567 /* Debug */ = {
			isa = XCBuildConfiguration;
			buildSettings = {
				ALWAYS_SEARCH_USER_PATHS = NO;
				ASSETCATALOG_COMPILER_GENERATE_SWIFT_ASSET_SYMBOL_EXTENSIONS = YES;
				CLANG_ANALYZER_NONNULL = YES;
				CLANG_ANALYZER_NUMBER_OBJECT_CONVERSION = YES_AGGRESSIVE;
				CLANG_CXX_LANGUAGE_STANDARD = "gnu++20";
				CLANG_ENABLE_MODULES = YES;
				CLANG_ENABLE_OBJC_ARC = YES;
				CLANG_ENABLE_OBJC_WEAK = YES;
				CLANG_WARN_BLOCK_CAPTURE_AUTORELEASING = YES;
				CLANG_WARN_BOOL_CONVERSION = YES;
				CLANG_WARN_COMMA = YES;
				CLANG_WARN_CONSTANT_CONVERSION = YES;
				CLANG_WARN_DEPRECATED_OBJC_IMPLEMENTATIONS = YES;
				CLANG_WARN_DIRECT_OBJC_ISA_USAGE = YES_ERROR;
				CLANG_WARN_DOCUMENTATION_COMMENTS = YES;
				CLANG_WARN_EMPTY_BODY = YES;
				CLANG_WARN_ENUM_CONVERSION = YES;
				CLANG_WARN_INFINITE_RECURSION = YES;
				CLANG_WARN_INT_CONVERSION = YES;
				CLANG_WARN_NON_LITERAL_NULL_CONVERSION = YES;
				CLANG_WARN_OBJC_IMPLICIT_RETAIN_SELF = YES;
				CLANG_WARN_OBJC_LITERAL_CONVERSION = YES;
				CLANG_WARN_OBJC_ROOT_CLASS = YES_ERROR;
				CLANG_WARN_QUOTED_INCLUDE_IN_FRAMEWORK_HEADER = YES;
				CLANG_WARN_RANGE_LOOP_ANALYSIS = YES;
				CLANG_WARN_STRICT_PROTOTYPES = YES;
				CLANG_WARN_SUSPICIOUS_MOVE = YES;
				CLANG_WARN_UNGUARDED_AVAILABILITY = YES_AGGRESSIVE;
				CLANG_WARN_UNREACHABLE_CODE = YES;
				CLANG_WARN__DUPLICATE_METHOD_MATCH = YES;
				COPY_PHASE_STRIP = NO;
				DEBUG_INFORMATION_FORMAT = dwarf;
				DEVELOPMENT_TEAM = DXA5M4234Y;
				ENABLE_STRICT_OBJC_MSGSEND = YES;
				ENABLE_TESTABILITY = YES;
				ENABLE_USER_SCRIPT_SANDBOXING = YES;
				GCC_C_LANGUAGE_STANDARD = gnu17;
				GCC_DYNAMIC_NO_PIC = NO;
				GCC_NO_COMMON_BLOCKS = YES;
				GCC_OPTIMIZATION_LEVEL = 0;
				GCC_PREPROCESSOR_DEFINITIONS = (
					"DEBUG=1",
					"$(inherited)",
				);
				GCC_WARN_64_TO_32_BIT_CONVERSION = YES;
				GCC_WARN_ABOUT_RETURN_TYPE = YES_ERROR;
				GCC_WARN_UNDECLARED_SELECTOR = YES;
				GCC_WARN_UNINITIALIZED_AUTOS = YES_AGGRESSIVE;
				GCC_WARN_UNUSED_FUNCTION = YES;
				GCC_WARN_UNUSED_VARIABLE = YES;
				LOCALIZATION_PREFERS_STRING_CATALOGS = YES;
				MTL_ENABLE_DEBUG_INFO = INCLUDE_SOURCE;
				MTL_FAST_MATH = YES;
				ONLY_ACTIVE_ARCH = YES;
				SWIFT_ACTIVE_COMPILATION_CONDITIONS = "DEBUG $(inherited)";
				SWIFT_OPTIMIZATION_LEVEL = "-Onone";
			};
			name = Debug;
		};
		ABD92DC32E8D904800808567 /* Release */ = {
			isa = XCBuildConfiguration;
			buildSettings = {
				ALWAYS_SEARCH_USER_PATHS = NO;
				ASSETCATALOG_COMPILER_GENERATE_SWIFT_ASSET_SYMBOL_EXTENSIONS = YES;
				CLANG_ANALYZER_NONNULL = YES;
				CLANG_ANALYZER_NUMBER_OBJECT_CONVERSION = YES_AGGRESSIVE;
				CLANG_CXX_LANGUAGE_STANDARD = "gnu++20";
				CLANG_ENABLE_MODULES = YES;
				CLANG_ENABLE_OBJC_ARC = YES;
				CLANG_ENABLE_OBJC_WEAK = YES;
				CLANG_WARN_BLOCK_CAPTURE_AUTORELEASING = YES;
				CLANG_WARN_BOOL_CONVERSION = YES;
				CLANG_WARN_COMMA = YES;
				CLANG_WARN_CONSTANT_CONVERSION = YES;
				CLANG_WARN_DEPRECATED_OBJC_IMPLEMENTATIONS = YES;
				CLANG_WARN_DIRECT_OBJC_ISA_USAGE = YES_ERROR;
				CLANG_WARN_DOCUMENTATION_COMMENTS = YES;
				CLANG_WARN_EMPTY_BODY = YES;
				CLANG_WARN_ENUM_CONVERSION = YES;
				CLANG_WARN_INFINITE_RECURSION = YES;
				CLANG_WARN_INT_CONVERSION = YES;
				CLANG_WARN_NON_LITERAL_NULL_CONVERSION = YES;
				CLANG_WARN_OBJC_IMPLICIT_RETAIN_SELF = YES;
				CLANG_WARN_OBJC_LITERAL_CONVERSION = YES;
				CLANG_WARN_OBJC_ROOT_CLASS = YES_ERROR;
				CLANG_WARN_QUOTED_INCLUDE_IN_FRAMEWORK_HEADER = YES;
				CLANG_WARN_RANGE_LOOP_ANALYSIS = YES;
				CLANG_WARN_STRICT_PROTOTYPES = YES;
				CLANG_WARN_SUSPICIOUS_MOVE = YES;
				CLANG_WARN_UNGUARDED_AVAILABILITY = YES_AGGRESSIVE;
				CLANG_WARN_UNREACHABLE_CODE = YES;
				CLANG_WARN__DUPLICATE_METHOD_MATCH = YES;
				COPY_PHASE_STRIP = NO;
				DEBUG_INFORMATION_FORMAT = "dwarf-with-dsym";
				DEVELOPMENT_TEAM = DXA5M4234Y;
				ENABLE_NS_ASSERTIONS = NO;
				ENABLE_STRICT_OBJC_MSGSEND = YES;
				ENABLE_USER_SCRIPT_SANDBOXING = YES;
				GCC_C_LANGUAGE_STANDARD = gnu17;
				GCC_NO_COMMON_BLOCKS = YES;
				GCC_WARN_64_TO_32_BIT_CONVERSION = YES;
				GCC_WARN_ABOUT_RETURN_TYPE = YES_ERROR;
				GCC_WARN_UNDECLARED_SELECTOR = YES;
				GCC_WARN_UNINITIALIZED_AUTOS = YES_AGGRESSIVE;
				GCC_WARN_UNUSED_FUNCTION = YES;
				GCC_WARN_UNUSED_VARIABLE = YES;
				LOCALIZATION_PREFERS_STRING_CATALOGS = YES;
				MTL_ENABLE_DEBUG_INFO = NO;
				MTL_FAST_MATH = YES;
				SWIFT_COMPILATION_MODE = wholemodule;
			};
			name = Release;
		};
		ABD92DC52E8D904800808567 /* Debug */ = {
			isa = XCBuildConfiguration;
			buildSettings = {
				ASSETCATALOG_COMPILER_APPICON_NAME = AppIcon;
				ASSETCATALOG_COMPILER_GLOBAL_ACCENT_COLOR_NAME = AccentColor;
				CODE_SIGN_ENTITLEMENTS = AfriVest/AfriVest.entitlements;
				CODE_SIGN_STYLE = Automatic;
				CURRENT_PROJECT_VERSION = 1;
				DEVELOPMENT_TEAM = DXA5M4234Y;
				ENABLE_APP_SANDBOX = YES;
				ENABLE_HARDENED_RUNTIME = YES;
				ENABLE_PREVIEWS = YES;
				ENABLE_USER_SELECTED_FILES = readonly;
				GENERATE_INFOPLIST_FILE = YES;
				INFOPLIST_FILE = AfriVest/Info.plist;
				INFOPLIST_KEY_LSApplicationCategoryType = "public.app-category.finance";
				INFOPLIST_KEY_NSCameraUsageDescription = "We need camera access to capture your ID documents for verification";
				INFOPLIST_KEY_NSFaceIDUsageDescription = "Use Face ID to securely access your account";
				INFOPLIST_KEY_NSPhotoLibraryUsageDescription = "We need access to your photo library to upload ID documents";
				"INFOPLIST_KEY_UIApplicationSceneManifest_Generation[sdk=iphoneos*]" = YES;
				"INFOPLIST_KEY_UIApplicationSceneManifest_Generation[sdk=iphonesimulator*]" = YES;
				"INFOPLIST_KEY_UIApplicationSupportsIndirectInputEvents[sdk=iphoneos*]" = YES;
				"INFOPLIST_KEY_UIApplicationSupportsIndirectInputEvents[sdk=iphonesimulator*]" = YES;
				"INFOPLIST_KEY_UILaunchScreen_Generation[sdk=iphoneos*]" = YES;
				"INFOPLIST_KEY_UILaunchScreen_Generation[sdk=iphonesimulator*]" = YES;
				INFOPLIST_KEY_UILaunchStoryboardName = "";
				"INFOPLIST_KEY_UIStatusBarStyle[sdk=iphoneos*]" = UIStatusBarStyleDefault;
				"INFOPLIST_KEY_UIStatusBarStyle[sdk=iphonesimulator*]" = UIStatusBarStyleDefault;
				INFOPLIST_KEY_UISupportedInterfaceOrientations = UIInterfaceOrientationPortrait;
				INFOPLIST_KEY_UISupportedInterfaceOrientations_iPad = "UIInterfaceOrientationLandscapeLeft UIInterfaceOrientationLandscapeRight UIInterfaceOrientationPortrait UIInterfaceOrientationPortraitUpsideDown";
				IPHONEOS_DEPLOYMENT_TARGET = 16.0;
				LD_RUNPATH_SEARCH_PATHS = "@executable_path/Frameworks";
				"LD_RUNPATH_SEARCH_PATHS[sdk=macosx*]" = "@executable_path/../Frameworks";
				MACOSX_DEPLOYMENT_TARGET = 26.0;
				MARKETING_VERSION = 1.0;
				PRODUCT_BUNDLE_IDENTIFIER = com.afrivest.app;
				PRODUCT_NAME = "$(TARGET_NAME)";
				REGISTER_APP_GROUPS = YES;
				SDKROOT = auto;
				STRING_CATALOG_GENERATE_SYMBOLS = YES;
				SUPPORTED_PLATFORMS = "iphoneos iphonesimulator";
				SUPPORTS_MACCATALYST = NO;
				SWIFT_APPROACHABLE_CONCURRENCY = YES;
				SWIFT_DEFAULT_ACTOR_ISOLATION = MainActor;
				SWIFT_EMIT_LOC_STRINGS = YES;
				SWIFT_UPCOMING_FEATURE_MEMBER_IMPORT_VISIBILITY = YES;
				SWIFT_VERSION = 5.0;
				TARGETED_DEVICE_FAMILY = "1,2";
				XROS_DEPLOYMENT_TARGET = 26.0;
			};
			name = Debug;
		};
		ABD92DC62E8D904800808567 /* Release */ = {
			isa = XCBuildConfiguration;
			buildSettings = {
				ASSETCATALOG_COMPILER_APPICON_NAME = AppIcon;
				ASSETCATALOG_COMPILER_GLOBAL_ACCENT_COLOR_NAME = AccentColor;
				CODE_SIGN_ENTITLEMENTS = AfriVest/AfriVest.entitlements;
				CODE_SIGN_STYLE = Automatic;
				CURRENT_PROJECT_VERSION = 1;
				DEVELOPMENT_TEAM = DXA5M4234Y;
				ENABLE_APP_SANDBOX = YES;
				ENABLE_HARDENED_RUNTIME = YES;
				ENABLE_PREVIEWS = YES;
				ENABLE_USER_SELECTED_FILES = readonly;
				GENERATE_INFOPLIST_FILE = YES;
				INFOPLIST_FILE = AfriVest/Info.plist;
				INFOPLIST_KEY_LSApplicationCategoryType = "public.app-category.finance";
				INFOPLIST_KEY_NSCameraUsageDescription = "We need camera access to capture your ID documents for verification";
				INFOPLIST_KEY_NSFaceIDUsageDescription = "Use Face ID to securely access your account";
				INFOPLIST_KEY_NSPhotoLibraryUsageDescription = "We need access to your photo library to upload ID documents";
				"INFOPLIST_KEY_UIApplicationSceneManifest_Generation[sdk=iphoneos*]" = YES;
				"INFOPLIST_KEY_UIApplicationSceneManifest_Generation[sdk=iphonesimulator*]" = YES;
				"INFOPLIST_KEY_UIApplicationSupportsIndirectInputEvents[sdk=iphoneos*]" = YES;
				"INFOPLIST_KEY_UIApplicationSupportsIndirectInputEvents[sdk=iphonesimulator*]" = YES;
				"INFOPLIST_KEY_UILaunchScreen_Generation[sdk=iphoneos*]" = YES;
				"INFOPLIST_KEY_UILaunchScreen_Generation[sdk=iphonesimulator*]" = YES;
				INFOPLIST_KEY_UILaunchStoryboardName = "";
				"INFOPLIST_KEY_UIStatusBarStyle[sdk=iphoneos*]" = UIStatusBarStyleDefault;
				"INFOPLIST_KEY_UIStatusBarStyle[sdk=iphonesimulator*]" = UIStatusBarStyleDefault;
				INFOPLIST_KEY_UISupportedInterfaceOrientations = UIInterfaceOrientationPortrait;
				INFOPLIST_KEY_UISupportedInterfaceOrientations_iPad = "UIInterfaceOrientationLandscapeLeft UIInterfaceOrientationLandscapeRight UIInterfaceOrientationPortrait UIInterfaceOrientationPortraitUpsideDown";
				IPHONEOS_DEPLOYMENT_TARGET = 16.0;
				LD_RUNPATH_SEARCH_PATHS = "@executable_path/Frameworks";
				"LD_RUNPATH_SEARCH_PATHS[sdk=macosx*]" = "@executable_path/../Frameworks";
				MACOSX_DEPLOYMENT_TARGET = 26.0;
				MARKETING_VERSION = 1.0;
				PRODUCT_BUNDLE_IDENTIFIER = com.afrivest.app;
				PRODUCT_NAME = "$(TARGET_NAME)";
				REGISTER_APP_GROUPS = YES;
				SDKROOT = auto;
				STRING_CATALOG_GENERATE_SYMBOLS = YES;
				SUPPORTED_PLATFORMS = "iphoneos iphonesimulator";
				SUPPORTS_MACCATALYST = NO;
				SWIFT_APPROACHABLE_CONCURRENCY = YES;
				SWIFT_DEFAULT_ACTOR_ISOLATION = MainActor;
				SWIFT_EMIT_LOC_STRINGS = YES;
				SWIFT_UPCOMING_FEATURE_MEMBER_IMPORT_VISIBILITY = YES;
				SWIFT_VERSION = 5.0;
				TARGETED_DEVICE_FAMILY = "1,2";
				XROS_DEPLOYMENT_TARGET = 26.0;
			};
			name = Release;
		};
/* End XCBuildConfiguration section */

/* Begin XCConfigurationList section */
		ABD92DB42E8D904700808567 /* Build configuration list for PBXProject "AfriVest" */ = {
			isa = XCConfigurationList;
			buildConfigurations = (
				ABD92DC22E8D904800808567 /* Debug */,
				ABD92DC32E8D904800808567 /* Release */,
			);
			defaultConfigurationIsVisible = 0;
			defaultConfigurationName = Release;
		};
		ABD92DC42E8D904800808567 /* Build configuration list for PBXNativeTarget "AfriVest" */ = {
			isa = XCConfigurationList;
			buildConfigurations = (
				ABD92DC52E8D904800808567 /* Debug */,
				ABD92DC62E8D904800808567 /* Release */,
			);
			defaultConfigurationIsVisible = 0;
			defaultConfigurationName = Release;
		};
/* End XCConfigurationList section */

/* Begin XCRemoteSwiftPackageReference section */
		AB30ECF22E95D5D400EEB7ED /* XCRemoteSwiftPackageReference "Alamofire" */ = {
			isa = XCRemoteSwiftPackageReference;
			repositoryURL = "https://github.com/Alamofire/Alamofire.git";
			requirement = {
				kind = upToNextMajorVersion;
				minimumVersion = 5.10.2;
			};
		};
		AB30ECF52E95D5EE00EEB7ED /* XCRemoteSwiftPackageReference "keychain-swift" */ = {
			isa = XCRemoteSwiftPackageReference;
			repositoryURL = "https://github.com/evgenyneu/keychain-swift.git";
			requirement = {
				kind = upToNextMajorVersion;
				minimumVersion = 24.0.0;
			};
		};
		AB30ECF82E95D64F00EEB7ED /* XCRemoteSwiftPackageReference "firebase-ios-sdk" */ = {
			isa = XCRemoteSwiftPackageReference;
			repositoryURL = "https://github.com/firebase/firebase-ios-sdk.git";
			requirement = {
				kind = upToNextMajorVersion;
				minimumVersion = 12.4.0;
			};
		};
		AB30ED032E95D67800EEB7ED /* XCRemoteSwiftPackageReference "Kingfisher" */ = {
			isa = XCRemoteSwiftPackageReference;
			repositoryURL = "https://github.com/onevcat/Kingfisher.git";
			requirement = {
				kind = upToNextMajorVersion;
				minimumVersion = 8.6.0;
			};
		};
		AB30ED062E95D6A300EEB7ED /* XCRemoteSwiftPackageReference "lottie-ios" */ = {
			isa = XCRemoteSwiftPackageReference;
			repositoryURL = "https://github.com/airbnb/lottie-ios.git";
			requirement = {
				kind = upToNextMajorVersion;
				minimumVersion = 4.5.2;
			};
		};
/* End XCRemoteSwiftPackageReference section */

/* Begin XCSwiftPackageProductDependency section */
		AB30ECF32E95D5D400EEB7ED /* Alamofire */ = {
			isa = XCSwiftPackageProductDependency;
			package = AB30ECF22E95D5D400EEB7ED /* XCRemoteSwiftPackageReference "Alamofire" */;
			productName = Alamofire;
		};
		AB30ECF62E95D5EE00EEB7ED /* KeychainSwift */ = {
			isa = XCSwiftPackageProductDependency;
			package = AB30ECF52E95D5EE00EEB7ED /* XCRemoteSwiftPackageReference "keychain-swift" */;
			productName = KeychainSwift;
		};
		AB30ECF92E95D64F00EEB7ED /* FirebaseAnalytics */ = {
			isa = XCSwiftPackageProductDependency;
			package = AB30ECF82E95D64F00EEB7ED /* XCRemoteSwiftPackageReference "firebase-ios-sdk" */;
			productName = FirebaseAnalytics;
		};
		AB30ECFB2E95D64F00EEB7ED /* FirebaseCore */ = {
			isa = XCSwiftPackageProductDependency;
			package = AB30ECF82E95D64F00EEB7ED /* XCRemoteSwiftPackageReference "firebase-ios-sdk" */;
			productName = FirebaseCore;
		};
		AB30ECFD2E95D64F00EEB7ED /* FirebaseCrashlytics */ = {
			isa = XCSwiftPackageProductDependency;
			package = AB30ECF82E95D64F00EEB7ED /* XCRemoteSwiftPackageReference "firebase-ios-sdk" */;
			productName = FirebaseCrashlytics;
		};
		AB30ECFF2E95D64F00EEB7ED /* FirebaseInAppMessaging-Beta */ = {
			isa = XCSwiftPackageProductDependency;
			package = AB30ECF82E95D64F00EEB7ED /* XCRemoteSwiftPackageReference "firebase-ios-sdk" */;
			productName = "FirebaseInAppMessaging-Beta";
		};
		AB30ED012E95D64F00EEB7ED /* FirebaseMessaging */ = {
			isa = XCSwiftPackageProductDependency;
			package = AB30ECF82E95D64F00EEB7ED /* XCRemoteSwiftPackageReference "firebase-ios-sdk" */;
			productName = FirebaseMessaging;
		};
		AB30ED042E95D67800EEB7ED /* Kingfisher */ = {
			isa = XCSwiftPackageProductDependency;
			package = AB30ED032E95D67800EEB7ED /* XCRemoteSwiftPackageReference "Kingfisher" */;
			productName = Kingfisher;
		};
		AB30ED072E95D6A300EEB7ED /* Lottie */ = {
			isa = XCSwiftPackageProductDependency;
			package = AB30ED062E95D6A300EEB7ED /* XCRemoteSwiftPackageReference "lottie-ios" */;
			productName = Lottie;
		};
/* End XCSwiftPackageProductDependency section */
	};
	rootObject = ABD92DB12E8D904700808567 /* Project object */;
}
